
Microsoft Visual Studio Solution File, Format Version 12.00
# Visual Studio Version 16
VisualStudioVersion = 16.0.30204.135
MinimumVisualStudioVersion = 10.0.40219.1
Project("{9A19103F-16F7-4668-BE54-9A1E7A4F7556}") = "RotMGIISTest", "RotMGIISTest\RotMGIISTest.csproj", "{C4313B79-8F50-45FD-99DB-4D61D944CCD8}"
EndProject
Project("{9A19103F-16F7-4668-BE54-9A1E7A4F7556}") = "EquipsLibrary", "EquipsLibrary\EquipsLibrary.csproj", "{CC3E4B93-E406-4A74-A2DD-338EFC234DF9}"
EndProject
Project("{9A19103F-16F7-4668-BE54-9A1E7A4F7556}") = "EquipAPI", "EquipAPI\EquipAPI.csproj", "{C4069E47-5DCA-4888-8349-8A5DC6B83A45}"
EndProject
Global
	GlobalSection(SolutionConfigurationPlatforms) = preSolution
		Debug|Any CPU = Debug|Any CPU
		Release|Any CPU = Release|Any CPU
	EndGlobalSection
	GlobalSection(ProjectConfigurationPlatforms) = postSolution
		{C4313B79-8F50-45FD-99DB-4D61D944CCD8}.Debug|Any CPU.ActiveCfg = Debug|Any CPU
		{C4313B79-8F50-45FD-99DB-4D61D944CCD8}.Debug|Any CPU.Build.0 = Debug|Any CPU
		{C4313B79-8F50-45FD-99DB-4D61D944CCD8}.Release|Any CPU.ActiveCfg = Release|Any CPU
		{C4313B79-8F50-45FD-99DB-4D61D944CCD8}.Release|Any CPU.Build.0 = Release|Any CPU
		{CC3E4B93-E406-4A74-A2DD-338EFC234DF9}.Debug|Any CPU.ActiveCfg = Debug|Any CPU
		{CC3E4B93-E406-4A74-A2DD-338EFC234DF9}.Debug|Any CPU.Build.0 = Debug|Any CPU
		{CC3E4B93-E406-4A74-A2DD-338EFC234DF9}.Release|Any CPU.ActiveCfg = Release|Any CPU
		{CC3E4B93-E406-4A74-A2DD-338EFC234DF9}.Release|Any CPU.Build.0 = Release|Any CPU
		{C4069E47-5DCA-4888-8349-8A5DC6B83A45}.Debug|Any CPU.ActiveCfg = Debug|Any CPU
		{C4069E47-5DCA-4888-8349-8A5DC6B83A45}.Debug|Any CPU.Build.0 = Debug|Any CPU
		{C4069E47-5DCA-4888-8349-8A5DC6B83A45}.Release|Any CPU.ActiveCfg = Release|Any CPU
		{C4069E47-5DCA-4888-8349-8A5DC6B83A45}.Release|Any CPU.Build.0 = Release|Any CPU
	EndGlobalSection
	GlobalSection(SolutionProperties) = preSolution
		HideSolutionNode = FALSE
	EndGlobalSection
	GlobalSection(ExtensibilityGlobals) = postSolution
		SolutionGuid = {0A3822A0-A008-495A-B9DD-35B8FA9BC056}
	EndGlobalSection
EndGlobal
